# This file is automatically @generated by Poetry 1.8.3 and should not be changed by hand.

[[package]]
name = "asgiref"
version = "3.8.1"
description = "ASGI specs, helper code, and adapters"
optional = false
python-versions = ">=3.8"
files = [
    {file = "asgiref-3.8.1-py3-none-any.whl", hash = "sha256:3e1e3ecc849832fe52ccf2cb6686b7a55f82bb1d6aee72a58826471390335e47"},
    {file = "asgiref-3.8.1.tar.gz", hash = "sha256:c343bd80a0bec947a9860adb4c432ffa7db769836c64238fc34bdc3fec84d590"},
]

[package.extras]
tests = ["mypy (>=0.800)", "pytest", "pytest-asyncio"]

[[package]]
name = "django"
version = "5.0.7"
description = "A high-level Python web framework that encourages rapid development and clean, pragmatic design."
optional = false
python-versions = ">=3.10"
files = [
    {file = "Django-5.0.7-py3-none-any.whl", hash = "sha256:f216510ace3de5de01329463a315a629f33480e893a9024fc93d8c32c22913da"},
    {file = "Django-5.0.7.tar.gz", hash = "sha256:bd4505cae0b9bd642313e8fb71810893df5dc2ffcacaa67a33af2d5cd61888f2"},
]

[package.dependencies]
asgiref = ">=3.7.0,<4"
sqlparse = ">=0.3.1"
tzdata = {version = "*", markers = "sys_platform == \"win32\""}

[package.extras]
argon2 = ["argon2-cffi (>=19.1.0)"]
bcrypt = ["bcrypt"]

[[package]]
name = "ruff"
version = "0.5.2"
description = "An extremely fast Python linter and code formatter, written in Rust."
optional = false
python-versions = ">=3.7"
files = [
    {file = "ruff-0.5.2-py3-none-linux_armv6l.whl", hash = "sha256:7bab8345df60f9368d5f4594bfb8b71157496b44c30ff035d1d01972e764d3be"},
    {file = "ruff-0.5.2-py3-none-macosx_10_12_x86_64.whl", hash = "sha256:1aa7acad382ada0189dbe76095cf0a36cd0036779607c397ffdea16517f535b1"},
    {file = "ruff-0.5.2-py3-none-macosx_11_0_arm64.whl", hash = "sha256:aec618d5a0cdba5592c60c2dee7d9c865180627f1a4a691257dea14ac1aa264d"},
    {file = "ruff-0.5.2-py3-none-manylinux_2_17_aarch64.manylinux2014_aarch64.whl", hash = "sha256:a0b62adc5ce81780ff04077e88bac0986363e4a3260ad3ef11ae9c14aa0e67ef"},
    {file = "ruff-0.5.2-py3-none-manylinux_2_17_armv7l.manylinux2014_armv7l.whl", hash = "sha256:dc42ebf56ede83cb080a50eba35a06e636775649a1ffd03dc986533f878702a3"},
    {file = "ruff-0.5.2-py3-none-manylinux_2_17_i686.manylinux2014_i686.whl", hash = "sha256:c15c6e9f88c67ffa442681365d11df38afb11059fc44238e71a9d9f1fd51de70"},
    {file = "ruff-0.5.2-py3-none-manylinux_2_17_ppc64.manylinux2014_ppc64.whl", hash = "sha256:d3de9a5960f72c335ef00763d861fc5005ef0644cb260ba1b5a115a102157251"},
    {file = "ruff-0.5.2-py3-none-manylinux_2_17_ppc64le.manylinux2014_ppc64le.whl", hash = "sha256:fe5a968ae933e8f7627a7b2fc8893336ac2be0eb0aace762d3421f6e8f7b7f83"},
    {file = "ruff-0.5.2-py3-none-manylinux_2_17_s390x.manylinux2014_s390x.whl", hash = "sha256:a04f54a9018f75615ae52f36ea1c5515e356e5d5e214b22609ddb546baef7132"},
    {file = "ruff-0.5.2-py3-none-manylinux_2_17_x86_64.manylinux2014_x86_64.whl", hash = "sha256:1ed02fb52e3741f0738db5f93e10ae0fb5c71eb33a4f2ba87c9a2fa97462a649"},
    {file = "ruff-0.5.2-py3-none-musllinux_1_2_aarch64.whl", hash = "sha256:3cf8fe659f6362530435d97d738eb413e9f090e7e993f88711b0377fbdc99f60"},
    {file = "ruff-0.5.2-py3-none-musllinux_1_2_armv7l.whl", hash = "sha256:237a37e673e9f3cbfff0d2243e797c4862a44c93d2f52a52021c1a1b0899f846"},
    {file = "ruff-0.5.2-py3-none-musllinux_1_2_i686.whl", hash = "sha256:2a2949ce7c1cbd8317432ada80fe32156df825b2fd611688814c8557824ef060"},
    {file = "ruff-0.5.2-py3-none-musllinux_1_2_x86_64.whl", hash = "sha256:481af57c8e99da92ad168924fd82220266043c8255942a1cb87958b108ac9335"},
    {file = "ruff-0.5.2-py3-none-win32.whl", hash = "sha256:f1aea290c56d913e363066d83d3fc26848814a1fed3d72144ff9c930e8c7c718"},
    {file = "ruff-0.5.2-py3-none-win_amd64.whl", hash = "sha256:8532660b72b5d94d2a0a7a27ae7b9b40053662d00357bb2a6864dd7e38819084"},
    {file = "ruff-0.5.2-py3-none-win_arm64.whl", hash = "sha256:73439805c5cb68f364d826a5c5c4b6c798ded6b7ebaa4011f01ce6c94e4d5583"},
    {file = "ruff-0.5.2.tar.gz", hash = "sha256:2c0df2d2de685433794a14d8d2e240df619b748fbe3367346baa519d8e6f1ca2"},
]

[[package]]
name = "sqlparse"
version = "0.5.1"
description = "A non-validating SQL parser."
optional = false
python-versions = ">=3.8"
files = [
    {file = "sqlparse-0.5.1-py3-none-any.whl", hash = "sha256:773dcbf9a5ab44a090f3441e2180efe2560220203dc2f8c0b0fa141e18b505e4"},
    {file = "sqlparse-0.5.1.tar.gz", hash = "sha256:bb6b4df465655ef332548e24f08e205afc81b9ab86cb1c45657a7ff173a3a00e"},
]

[package.extras]
dev = ["build", "hatch"]
doc = ["sphinx"]

[[package]]
name = "tzdata"
version = "2024.1"
description = "Provider of IANA time zone data"
optional = false
python-versions = ">=2"
files = [
    {file = "tzdata-2024.1-py2.py3-none-any.whl", hash = "sha256:9068bc196136463f5245e51efda838afa15aaeca9903f49050dfa2679db4d252"},
    {file = "tzdata-2024.1.tar.gz", hash = "sha256:2674120f8d891909751c38abcdfd386ac0a5a1127954fbc332af6b5ceae07efd"},
]

[metadata]
lock-version = "2.0"
python-versions = "^3.12"
content-hash = "95c0ae7a8275d8afe4e7f9863b8db17b07ffe7347968171ab310dfd7ad778578"
